// !$*UTF8*$!
{
	archiveVersion = 1;
	classes = {
	};
	objectVersion = 51;
	objects = {

/* Begin PBXBuildFile section */
		D0B3E9F42520554600937206 /* AppDelegate.swift in Sources */ = {isa = PBXBuildFile; fileRef = D0B3E9F32520554600937206 /* AppDelegate.swift */; };
		D0B3E9F62520554600937206 /* SceneDelegate.swift in Sources */ = {isa = PBXBuildFile; fileRef = D0B3E9F52520554600937206 /* SceneDelegate.swift */; };
		D0B3E9F82520554600937206 /* ViewController.swift in Sources */ = {isa = PBXBuildFile; fileRef = D0B3E9F72520554600937206 /* ViewController.swift */; };
		D0B3E9FB2520554600937206 /* Main.storyboard in Resources */ = {isa = PBXBuildFile; fileRef = D0B3E9F92520554600937206 /* Main.storyboard */; };
		D0B3E9FD2520554700937206 /* Assets.xcassets in Resources */ = {isa = PBXBuildFile; fileRef = D0B3E9FC2520554700937206 /* Assets.xcassets */; };
		D0B3EA002520554700937206 /* LaunchScreen.storyboard in Resources */ = {isa = PBXBuildFile; fileRef = D0B3E9FE2520554700937206 /* LaunchScreen.storyboard */; };
		D0E678B22529D6E8008D7E42 /* GradientView.swift in Sources */ = {isa = PBXBuildFile; fileRef = D0E678B12529D6E8008D7E42 /* GradientView.swift */; };
		E6A80D4B2A53651FF51B010F /* Pods_RideShareApp.framework in Frameworks */ = {isa = PBXBuildFile; fileRef = 9AC1D30165902D0146AAD78C /* Pods_RideShareApp.framework */; };
/* End PBXBuildFile section */

/* Begin PBXFileReference section */
		22930A80A19EA68EE577C7B6 /* Pods-RideShareApp.release.xcconfig */ = {isa = PBXFileReference; includeInIndex = 1; lastKnownFileType = text.xcconfig; name = "Pods-RideShareApp.release.xcconfig"; path = "Target Support Files/Pods-RideShareApp/Pods-RideShareApp.release.xcconfig"; sourceTree = "<group>"; };
		376DEBD4C093F32058A4E3BF /* Pods-RideShareApp.debug.xcconfig */ = {isa = PBXFileReference; includeInIndex = 1; lastKnownFileType = text.xcconfig; name = "Pods-RideShareApp.debug.xcconfig"; path = "Target Support Files/Pods-RideShareApp/Pods-RideShareApp.debug.xcconfig"; sourceTree = "<group>"; };
		9AC1D30165902D0146AAD78C /* Pods_RideShareApp.framework */ = {isa = PBXFileReference; explicitFileType = wrapper.framework; includeInIndex = 0; path = Pods_RideShareApp.framework; sourceTree = BUILT_PRODUCTS_DIR; };
		D0B3E9F02520554600937206 /* RideShareApp.app */ = {isa = PBXFileReference; explicitFileType = wrapper.application; includeInIndex = 0; path = RideShareApp.app; sourceTree = BUILT_PRODUCTS_DIR; };
		D0B3E9F32520554600937206 /* AppDelegate.swift */ = {isa = PBXFileReference; lastKnownFileType = sourcecode.swift; path = AppDelegate.swift; sourceTree = "<group>"; };
		D0B3E9F52520554600937206 /* SceneDelegate.swift */ = {isa = PBXFileReference; lastKnownFileType = sourcecode.swift; path = SceneDelegate.swift; sourceTree = "<group>"; };
		D0B3E9F72520554600937206 /* ViewController.swift */ = {isa = PBXFileReference; lastKnownFileType = sourcecode.swift; path = ViewController.swift; sourceTree = "<group>"; };
		D0B3E9FA2520554600937206 /* Base */ = {isa = PBXFileReference; lastKnownFileType = file.storyboard; name = Base; path = Base.lproj/Main.storyboard; sourceTree = "<group>"; };
		D0B3E9FC2520554700937206 /* Assets.xcassets */ = {isa = PBXFileReference; lastKnownFileType = folder.assetcatalog; path = Assets.xcassets; sourceTree = "<group>"; };
		D0B3E9FF2520554700937206 /* Base */ = {isa = PBXFileReference; lastKnownFileType = file.storyboard; name = Base; path = Base.lproj/LaunchScreen.storyboard; sourceTree = "<group>"; };
		D0B3EA012520554700937206 /* Info.plist */ = {isa = PBXFileReference; lastKnownFileType = text.plist.xml; path = Info.plist; sourceTree = "<group>"; };
		D0E678B12529D6E8008D7E42 /* GradientView.swift */ = {isa = PBXFileReference; lastKnownFileType = sourcecode.swift; path = GradientView.swift; sourceTree = "<group>"; };
/* End PBXFileReference section */

/* Begin PBXFrameworksBuildPhase section */
		D0B3E9ED2520554600937206 /* Frameworks */ = {
			isa = PBXFrameworksBuildPhase;
			buildActionMask = 2147483647;
			files = (
				E6A80D4B2A53651FF51B010F /* Pods_RideShareApp.framework in Frameworks */,
			);
			runOnlyForDeploymentPostprocessing = 0;
		};
/* End PBXFrameworksBuildPhase section */

/* Begin PBXGroup section */
		1EE01563DC57B990552D2494 /* Pods */ = {
			isa = PBXGroup;
			children = (
				376DEBD4C093F32058A4E3BF /* Pods-RideShareApp.debug.xcconfig */,
				22930A80A19EA68EE577C7B6 /* Pods-RideShareApp.release.xcconfig */,
			);
			path = Pods;
			sourceTree = "<group>";
		};
		D0B3E9E72520554600937206 = {
			isa = PBXGroup;
			children = (
				D0B3E9F22520554600937206 /* RideShareApp */,
				D0B3E9F12520554600937206 /* Products */,
				1EE01563DC57B990552D2494 /* Pods */,
				E072D36D306730968A247FBD /* Frameworks */,
			);
			sourceTree = "<group>";
		};
		D0B3E9F12520554600937206 /* Products */ = {
			isa = PBXGroup;
			children = (
				D0B3E9F02520554600937206 /* RideShareApp.app */,
			);
			name = Products;
			sourceTree = "<group>";
		};
		D0B3E9F22520554600937206 /* RideShareApp */ = {
			isa = PBXGroup;
			children = (
				D0E678B02529D6B8008D7E42 /* View */,
				D0E678AF2529D6A5008D7E42 /* Model */,
				D0E678AE2529D695008D7E42 /* Controller */,
				D0B3E9F32520554600937206 /* AppDelegate.swift */,
				D0B3E9F52520554600937206 /* SceneDelegate.swift */,
				D0B3E9F72520554600937206 /* ViewController.swift */,
				D0B3E9F92520554600937206 /* Main.storyboard */,
				D0B3E9FC2520554700937206 /* Assets.xcassets */,
				D0B3E9FE2520554700937206 /* LaunchScreen.storyboard */,
				D0B3EA012520554700937206 /* Info.plist */,
			);
			path = RideShareApp;
			sourceTree = "<group>";
		};
		D0E678AE2529D695008D7E42 /* Controller */ = {
			isa = PBXGroup;
			children = (
			);
			path = Controller;
			sourceTree = "<group>";
		};
		D0E678AF2529D6A5008D7E42 /* Model */ = {
			isa = PBXGroup;
			children = (
			);
			path = Model;
			sourceTree = "<group>";
		};
		D0E678B02529D6B8008D7E42 /* View */ = {
			isa = PBXGroup;
			children = (
				D0E678B12529D6E8008D7E42 /* GradientView.swift */,
			);
			path = View;
			sourceTree = "<group>";
		};
		E072D36D306730968A247FBD /* Frameworks */ = {
			isa = PBXGroup;
			children = (
				9AC1D30165902D0146AAD78C /* Pods_RideShareApp.framework */,
			);
			name = Frameworks;
			sourceTree = "<group>";
		};
/* End PBXGroup section */

/* Begin PBXNativeTarget section */
		D0B3E9EF2520554600937206 /* RideShareApp */ = {
			isa = PBXNativeTarget;
			buildConfigurationList = D0B3EA042520554700937206 /* Build configuration list for PBXNativeTarget "RideShareApp" */;
			buildPhases = (
				979E68224F6541CB3CFBCB0B /* [CP] Check Pods Manifest.lock */,
				D0B3E9EC2520554600937206 /* Sources */,
				D0B3E9ED2520554600937206 /* Frameworks */,
				D0B3E9EE2520554600937206 /* Resources */,
				D48B67507C321D23F0F8E7A6 /* [CP] Embed Pods Frameworks */,
			);
			buildRules = (
			);
			dependencies = (
			);
			name = RideShareApp;
			productName = RideShareApp;
			productReference = D0B3E9F02520554600937206 /* RideShareApp.app */;
			productType = "com.apple.product-type.application";
		};
/* End PBXNativeTarget section */

/* Begin PBXProject section */
		D0B3E9E82520554600937206 /* Project object */ = {
			isa = PBXProject;
			attributes = {
				LastSwiftUpdateCheck = 1160;
				LastUpgradeCheck = 1160;
				ORGANIZATIONNAME = "Faraz Haider";
				TargetAttributes = {
					D0B3E9EF2520554600937206 = {
						CreatedOnToolsVersion = 11.6;
					};
				};
			};
			buildConfigurationList = D0B3E9EB2520554600937206 /* Build configuration list for PBXProject "RideShareApp" */;
			compatibilityVersion = "Xcode 9.3";
			developmentRegion = en;
			hasScannedForEncodings = 0;
			knownRegions = (
				en,
				Base,
			);
			mainGroup = D0B3E9E72520554600937206;
			productRefGroup = D0B3E9F12520554600937206 /* Products */;
			projectDirPath = "";
			projectRoot = "";
			targets = (
				D0B3E9EF2520554600937206 /* RideShareApp */,
			);
		};
/* End PBXProject section */

/* Begin PBXResourcesBuildPhase section */
		D0B3E9EE2520554600937206 /* Resources */ = {
			isa = PBXResourcesBuildPhase;
			buildActionMask = 2147483647;
			files = (
				D0B3EA002520554700937206 /* LaunchScreen.storyboard in Resources */,
				D0B3E9FD2520554700937206 /* Assets.xcassets in Resources */,
				D0B3E9FB2520554600937206 /* Main.storyboard in Resources */,
			);
			runOnlyForDeploymentPostprocessing = 0;
		};
/* End PBXResourcesBuildPhase section */

/* Begin PBXShellScriptBuildPhase section */
		979E68224F6541CB3CFBCB0B /* [CP] Check Pods Manifest.lock */ = {
			isa = PBXShellScriptBuildPhase;
			buildActionMask = 2147483647;
			files = (
			);
			inputFileListPaths = (
			);
			inputPaths = (
				"${PODS_PODFILE_DIR_PATH}/Podfile.lock",
				"${PODS_ROOT}/Manifest.lock",
			);
			name = "[CP] Check Pods Manifest.lock";
			outputFileListPaths = (
			);
			outputPaths = (
				"$(DERIVED_FILE_DIR)/Pods-RideShareApp-checkManifestLockResult.txt",
			);
			runOnlyForDeploymentPostprocessing = 0;
			shellPath = /bin/sh;
			shellScript = "diff \"${PODS_PODFILE_DIR_PATH}/Podfile.lock\" \"${PODS_ROOT}/Manifest.lock\" > /dev/null\nif [ $? != 0 ] ; then\n    # print error to STDERR\n    echo \"error: The sandbox is not in sync with the Podfile.lock. Run 'pod install' or update your CocoaPods installation.\" >&2\n    exit 1\nfi\n# This output is used by Xcode 'outputs' to avoid re-running this script phase.\necho \"SUCCESS\" > \"${SCRIPT_OUTPUT_FILE_0}\"\n";
			showEnvVarsInLog = 0;
		};
		D48B67507C321D23F0F8E7A6 /* [CP] Embed Pods Frameworks */ = {
			isa = PBXShellScriptBuildPhase;
			buildActionMask = 2147483647;
			files = (
			);
			inputFileListPaths = (
				"${PODS_ROOT}/Target Support Files/Pods-RideShareApp/Pods-RideShareApp-frameworks-${CONFIGURATION}-input-files.xcfilelist",
			);
			name = "[CP] Embed Pods Frameworks";
			outputFileListPaths = (
				"${PODS_ROOT}/Target Support Files/Pods-RideShareApp/Pods-RideShareApp-frameworks-${CONFIGURATION}-output-files.xcfilelist",
			);
			runOnlyForDeploymentPostprocessing = 0;
			shellPath = /bin/sh;
			shellScript = "\"${PODS_ROOT}/Target Support Files/Pods-RideShareApp/Pods-RideShareApp-frameworks.sh\"\n";
			showEnvVarsInLog = 0;
		};
/* End PBXShellScriptBuildPhase section */

/* Begin PBXSourcesBuildPhase section */
		D0B3E9EC2520554600937206 /* Sources */ = {
			isa = PBXSourcesBuildPhase;
			buildActionMask = 2147483647;
			files = (
				D0B3E9F82520554600937206 /* ViewController.swift in Sources */,
				D0B3E9F42520554600937206 /* AppDelegate.swift in Sources */,
				D0E678B22529D6E8008D7E42 /* GradientView.swift in Sources */,
				D0B3E9F62520554600937206 /* SceneDelegate.swift in Sources */,
			);
			runOnlyForDeploymentPostprocessing = 0;
		};
/* End PBXSourcesBuildPhase section */

/* Begin PBXVariantGroup section */
		D0B3E9F92520554600937206 /* Main.storyboard */ = {
			isa = PBXVariantGroup;
			children = (
				D0B3E9FA2520554600937206 /* Base */,
			);
			name = Main.storyboard;
			sourceTree = "<group>";
		};
		D0B3E9FE2520554700937206 /* LaunchScreen.storyboard */ = {
			isa = PBXVariantGroup;
			children = (
				D0B3E9FF2520554700937206 /* Base */,
			);
			name = LaunchScreen.storyboard;
			sourceTree = "<group>";
		};
/* End PBXVariantGroup section */

/* Begin XCBuildConfiguration section */
		D0B3EA022520554700937206 /* Debug */ = {
			isa = XCBuildConfiguration;
			buildSettings = {
				ALWAYS_SEARCH_USER_PATHS = NO;
				CLANG_ANALYZER_NONNULL = YES;
				CLANG_ANALYZER_NUMBER_OBJECT_CONVERSION = YES_AGGRESSIVE;
				CLANG_CXX_LANGUAGE_STANDARD = "gnu++14";
				CLANG_CXX_LIBRARY = "libc++";
				CLANG_ENABLE_MODULES = YES;
				CLANG_ENABLE_OBJC_ARC = YES;
				CLANG_ENABLE_OBJC_WEAK = YES;
				CLANG_WARN_BLOCK_CAPTURE_AUTORELEASING = YES;
				CLANG_WARN_BOOL_CONVERSION = YES;
				CLANG_WARN_COMMA = YES;
				CLANG_WARN_CONSTANT_CONVERSION = YES;
				CLANG_WARN_DEPRECATED_OBJC_IMPLEMENTATIONS = YES;
				CLANG_WARN_DIRECT_OBJC_ISA_USAGE = YES_ERROR;
				CLANG_WARN_DOCUMENTATION_COMMENTS = YES;
				CLANG_WARN_EMPTY_BODY = YES;
				CLANG_WARN_ENUM_CONVERSION = YES;
				CLANG_WARN_INFINITE_RECURSION = YES;
				CLANG_WARN_INT_CONVERSION = YES;
				CLANG_WARN_NON_LITERAL_NULL_CONVERSION = YES;
				CLANG_WARN_OBJC_IMPLICIT_RETAIN_SELF = YES;
				CLANG_WARN_OBJC_LITERAL_CONVERSION = YES;
				CLANG_WARN_OBJC_ROOT_CLASS = YES_ERROR;
				CLANG_WARN_RANGE_LOOP_ANALYSIS = YES;
				CLANG_WARN_STRICT_PROTOTYPES = YES;
				CLANG_WARN_SUSPICIOUS_MOVE = YES;
				CLANG_WARN_UNGUARDED_AVAILABILITY = YES_AGGRESSIVE;
				CLANG_WARN_UNREACHABLE_CODE = YES;
				CLANG_WARN__DUPLICATE_METHOD_MATCH = YES;
				COPY_PHASE_STRIP = NO;
				DEBUG_INFORMATION_FORMAT = dwarf;
				ENABLE_STRICT_OBJC_MSGSEND = YES;
				ENABLE_TESTABILITY = YES;
				GCC_C_LANGUAGE_STANDARD = gnu11;
				GCC_DYNAMIC_NO_PIC = NO;
				GCC_NO_COMMON_BLOCKS = YES;
				GCC_OPTIMIZATION_LEVEL = 0;
				GCC_PREPROCESSOR_DEFINITIONS = (
					"DEBUG=1",
					"$(inherited)",
				);
				GCC_WARN_64_TO_32_BIT_CONVERSION = YES;
				GCC_WARN_ABOUT_RETURN_TYPE = YES_ERROR;
				GCC_WARN_UNDECLARED_SELECTOR = YES;
				GCC_WARN_UNINITIALIZED_AUTOS = YES_AGGRESSIVE;
				GCC_WARN_UNUSED_FUNCTION = YES;
				GCC_WARN_UNUSED_VARIABLE = YES;
				IPHONEOS_DEPLOYMENT_TARGET = 13.6;
				MTL_ENABLE_DEBUG_INFO = INCLUDE_SOURCE;
				MTL_FAST_MATH = YES;
				ONLY_ACTIVE_ARCH = YES;
				SDKROOT = iphoneos;
				SWIFT_ACTIVE_COMPILATION_CONDITIONS = DEBUG;
				SWIFT_OPTIMIZATION_LEVEL = "-Onone";
			};
			name = Debug;
		};
		D0B3EA032520554700937206 /* Release */ = {
			isa = XCBuildConfiguration;
			buildSettings = {
				ALWAYS_SEARCH_USER_PATHS = NO;
				CLANG_ANALYZER_NONNULL = YES;
				CLANG_ANALYZER_NUMBER_OBJECT_CONVERSION = YES_AGGRESSIVE;
				CLANG_CXX_LANGUAGE_STANDARD = "gnu++14";
				CLANG_CXX_LIBRARY = "libc++";
				CLANG_ENABLE_MODULES = YES;
				CLANG_ENABLE_OBJC_ARC = YES;
				CLANG_ENABLE_OBJC_WEAK = YES;
				CLANG_WARN_BLOCK_CAPTURE_AUTORELEASING = YES;
				CLANG_WARN_BOOL_CONVERSION = YES;
				CLANG_WARN_COMMA = YES;
				CLANG_WARN_CONSTANT_CONVERSION = YES;
				CLANG_WARN_DEPRECATED_OBJC_IMPLEMENTATIONS = YES;
				CLANG_WARN_DIRECT_OBJC_ISA_USAGE = YES_ERROR;
				CLANG_WARN_DOCUMENTATION_COMMENTS = YES;
				CLANG_WARN_EMPTY_BODY = YES;
				CLANG_WARN_ENUM_CONVERSION = YES;
				CLANG_WARN_INFINITE_RECURSION = YES;
				CLANG_WARN_INT_CONVERSION = YES;
				CLANG_WARN_NON_LITERAL_NULL_CONVERSION = YES;
				CLANG_WARN_OBJC_IMPLICIT_RETAIN_SELF = YES;
				CLANG_WARN_OBJC_LITERAL_CONVERSION = YES;
				CLANG_WARN_OBJC_ROOT_CLASS = YES_ERROR;
				CLANG_WARN_RANGE_LOOP_ANALYSIS = YES;
				CLANG_WARN_STRICT_PROTOTYPES = YES;
				CLANG_WARN_SUSPICIOUS_MOVE = YES;
				CLANG_WARN_UNGUARDED_AVAILABILITY = YES_AGGRESSIVE;
				CLANG_WARN_UNREACHABLE_CODE = YES;
				CLANG_WARN__DUPLICATE_METHOD_MATCH = YES;
				COPY_PHASE_STRIP = NO;
				DEBUG_INFORMATION_FORMAT = "dwarf-with-dsym";
				ENABLE_NS_ASSERTIONS = NO;
				ENABLE_STRICT_OBJC_MSGSEND = YES;
				GCC_C_LANGUAGE_STANDARD = gnu11;
				GCC_NO_COMMON_BLOCKS = YES;
				GCC_WARN_64_TO_32_BIT_CONVERSION = YES;
				GCC_WARN_ABOUT_RETURN_TYPE = YES_ERROR;
				GCC_WARN_UNDECLARED_SELECTOR = YES;
				GCC_WARN_UNINITIALIZED_AUTOS = YES_AGGRESSIVE;
				GCC_WARN_UNUSED_FUNCTION = YES;
				GCC_WARN_UNUSED_VARIABLE = YES;
				IPHONEOS_DEPLOYMENT_TARGET = 13.6;
				MTL_ENABLE_DEBUG_INFO = NO;
				MTL_FAST_MATH = YES;
				SDKROOT = iphoneos;
				SWIFT_COMPILATION_MODE = wholemodule;
				SWIFT_OPTIMIZATION_LEVEL = "-O";
				VALIDATE_PRODUCT = YES;
			};
			name = Release;
		};
		D0B3EA052520554700937206 /* Debug */ = {
			isa = XCBuildConfiguration;
			baseConfigurationReference = 376DEBD4C093F32058A4E3BF /* Pods-RideShareApp.debug.xcconfig */;
			buildSettings = {
				ASSETCATALOG_COMPILER_APPICON_NAME = AppIcon;
				CODE_SIGN_STYLE = Automatic;
				DEVELOPMENT_TEAM = 9ZPBKZ7R98;
				INFOPLIST_FILE = RideShareApp/Info.plist;
				LD_RUNPATH_SEARCH_PATHS = (
					"$(inherited)",
					"@executable_path/Frameworks",
				);
				PRODUCT_BUNDLE_IDENTIFIER = FarazHaider88.RideShareApp;
				PRODUCT_NAME = "$(TARGET_NAME)";
				SWIFT_VERSION = 5.0;
				TARGETED_DEVICE_FAMILY = 1;
			};
			name = Debug;
		};
		D0B3EA062520554700937206 /* Release */ = {
			isa = XCBuildConfiguration;
			baseConfigurationReference = 22930A80A19EA68EE577C7B6 /* Pods-RideShareApp.release.xcconfig */;
			buildSettings = {
				ASSETCATALOG_COMPILER_APPICON_NAME = AppIcon;
				CODE_SIGN_STYLE = Automatic;
				DEVELOPMENT_TEAM = 9ZPBKZ7R98;
				INFOPLIST_FILE = RideShareApp/Info.plist;
				LD_RUNPATH_SEARCH_PATHS = (
					"$(inherited)",
					"@executable_path/Frameworks",
				);
				PRODUCT_BUNDLE_IDENTIFIER = FarazHaider88.RideShareApp;
				PRODUCT_NAME = "$(TARGET_NAME)";
				SWIFT_VERSION = 5.0;
				TARGETED_DEVICE_FAMILY = 1;
			};
			name = Release;
		};
/* End XCBuildConfiguration section */

/* Begin XCConfigurationList section */
		D0B3E9EB2520554600937206 /* Build configuration list for PBXProject "RideShareApp" */ = {
			isa = XCConfigurationList;
			buildConfigurations = (
				D0B3EA022520554700937206 /* Debug */,
				D0B3EA032520554700937206 /* Release */,
			);
			defaultConfigurationIsVisible = 0;
			defaultConfigurationName = Release;
		};
		D0B3EA042520554700937206 /* Build configuration list for PBXNativeTarget "RideShareApp" */ = {
			isa = XCConfigurationList;
			buildConfigurations = (
				D0B3EA052520554700937206 /* Debug */,
				D0B3EA062520554700937206 /* Release */,
			);
			defaultConfigurationIsVisible = 0;
			defaultConfigurationName = Release;
		};
/* End XCConfigurationList section */
	};
	rootObject = D0B3E9E82520554600937206 /* Project object */;
}
